// !$*UTF8*$!
{
	archiveVersion = 1;
	classes = {
	};
	objectVersion = 46;
	objects = {

/* Begin PBXBuildFile section */
		BC3297A315C490C50005C955 /* morseCodes.plist in Resources */ = {isa = PBXBuildFile; fileRef = BC3297A215C490C50005C955 /* morseCodes.plist */; };
		BC6B4DAD15BE140400D61A97 /* UIKit.framework in Frameworks */ = {isa = PBXBuildFile; fileRef = BC6B4DAC15BE140400D61A97 /* UIKit.framework */; };
		BC6B4DAF15BE140400D61A97 /* Foundation.framework in Frameworks */ = {isa = PBXBuildFile; fileRef = BC6B4DAE15BE140400D61A97 /* Foundation.framework */; };
		BC6B4DB115BE140400D61A97 /* CoreGraphics.framework in Frameworks */ = {isa = PBXBuildFile; fileRef = BC6B4DB015BE140400D61A97 /* CoreGraphics.framework */; };
		BC6B4DB715BE140400D61A97 /* InfoPlist.strings in Resources */ = {isa = PBXBuildFile; fileRef = BC6B4DB515BE140400D61A97 /* InfoPlist.strings */; };
		BC6B4DB915BE140400D61A97 /* main.m in Sources */ = {isa = PBXBuildFile; fileRef = BC6B4DB815BE140400D61A97 /* main.m */; };
		BC6B4DBD15BE140400D61A97 /* AppDelegate.m in Sources */ = {isa = PBXBuildFile; fileRef = BC6B4DBC15BE140400D61A97 /* AppDelegate.m */; };
		BC6B4DC015BE140400D61A97 /* MainStoryboard.storyboard in Resources */ = {isa = PBXBuildFile; fileRef = BC6B4DBE15BE140400D61A97 /* MainStoryboard.storyboard */; };
		BC6B4DC315BE140500D61A97 /* FirstViewController.m in Sources */ = {isa = PBXBuildFile; fileRef = BC6B4DC215BE140500D61A97 /* FirstViewController.m */; };
		BC6B4DC515BE140500D61A97 /* first.png in Resources */ = {isa = PBXBuildFile; fileRef = BC6B4DC415BE140500D61A97 /* first.png */; };
		BC6B4DC715BE140500D61A97 /* first@2x.png in Resources */ = {isa = PBXBuildFile; fileRef = BC6B4DC615BE140500D61A97 /* first@2x.png */; };
		BC6B4DCA15BE140500D61A97 /* SecondViewController.m in Sources */ = {isa = PBXBuildFile; fileRef = BC6B4DC915BE140500D61A97 /* SecondViewController.m */; };
		BC6B4DCC15BE140500D61A97 /* second.png in Resources */ = {isa = PBXBuildFile; fileRef = BC6B4DCB15BE140500D61A97 /* second.png */; };
		BC6B4DCE15BE140500D61A97 /* second@2x.png in Resources */ = {isa = PBXBuildFile; fileRef = BC6B4DCD15BE140500D61A97 /* second@2x.png */; };
		BC6B4DD515BE274500D61A97 /* AVFoundation.framework in Frameworks */ = {isa = PBXBuildFile; fileRef = BC6B4DD415BE274500D61A97 /* AVFoundation.framework */; };
/* End PBXBuildFile section */

/* Begin PBXFileReference section */
		BC3297A215C490C50005C955 /* morseCodes.plist */ = {isa = PBXFileReference; fileEncoding = 4; lastKnownFileType = text.plist.xml; path = morseCodes.plist; sourceTree = "<group>"; };
		BC6B4DA815BE140400D61A97 /* MorseCode.app */ = {isa = PBXFileReference; explicitFileType = wrapper.application; includeInIndex = 0; path = MorseCode.app; sourceTree = BUILT_PRODUCTS_DIR; };
		BC6B4DAC15BE140400D61A97 /* UIKit.framework */ = {isa = PBXFileReference; lastKnownFileType = wrapper.framework; name = UIKit.framework; path = System/Library/Frameworks/UIKit.framework; sourceTree = SDKROOT; };
		BC6B4DAE15BE140400D61A97 /* Foundation.framework */ = {isa = PBXFileReference; lastKnownFileType = wrapper.framework; name = Foundation.framework; path = System/Library/Frameworks/Foundation.framework; sourceTree = SDKROOT; };
		BC6B4DB015BE140400D61A97 /* CoreGraphics.framework */ = {isa = PBXFileReference; lastKnownFileType = wrapper.framework; name = CoreGraphics.framework; path = System/Library/Frameworks/CoreGraphics.framework; sourceTree = SDKROOT; };
		BC6B4DB415BE140400D61A97 /* MorseCode-Info.plist */ = {isa = PBXFileReference; lastKnownFileType = text.plist.xml; path = "MorseCode-Info.plist"; sourceTree = "<group>"; };
		BC6B4DB615BE140400D61A97 /* en */ = {isa = PBXFileReference; lastKnownFileType = text.plist.strings; name = en; path = en.lproj/InfoPlist.strings; sourceTree = "<group>"; };
		BC6B4DB815BE140400D61A97 /* main.m */ = {isa = PBXFileReference; lastKnownFileType = sourcecode.c.objc; path = main.m; sourceTree = "<group>"; };
		BC6B4DBA15BE140400D61A97 /* MorseCode-Prefix.pch */ = {isa = PBXFileReference; lastKnownFileType = sourcecode.c.h; path = "MorseCode-Prefix.pch"; sourceTree = "<group>"; };
		BC6B4DBB15BE140400D61A97 /* AppDelegate.h */ = {isa = PBXFileReference; lastKnownFileType = sourcecode.c.h; path = AppDelegate.h; sourceTree = "<group>"; };
		BC6B4DBC15BE140400D61A97 /* AppDelegate.m */ = {isa = PBXFileReference; lastKnownFileType = sourcecode.c.objc; path = AppDelegate.m; sourceTree = "<group>"; };
		BC6B4DBF15BE140400D61A97 /* en */ = {isa = PBXFileReference; lastKnownFileType = file.storyboard; name = en; path = en.lproj/MainStoryboard.storyboard; sourceTree = "<group>"; };
		BC6B4DC115BE140500D61A97 /* FirstViewController.h */ = {isa = PBXFileReference; lastKnownFileType = sourcecode.c.h; path = FirstViewController.h; sourceTree = "<group>"; };
		BC6B4DC215BE140500D61A97 /* FirstViewController.m */ = {isa = PBXFileReference; lastKnownFileType = sourcecode.c.objc; path = FirstViewController.m; sourceTree = "<group>"; };
		BC6B4DC415BE140500D61A97 /* first.png */ = {isa = PBXFileReference; lastKnownFileType = image.png; path = first.png; sourceTree = "<group>"; };
		BC6B4DC615BE140500D61A97 /* first@2x.png */ = {isa = PBXFileReference; lastKnownFileType = image.png; path = "first@2x.png"; sourceTree = "<group>"; };
		BC6B4DC815BE140500D61A97 /* SecondViewController.h */ = {isa = PBXFileReference; lastKnownFileType = sourcecode.c.h; path = SecondViewController.h; sourceTree = "<group>"; };
		BC6B4DC915BE140500D61A97 /* SecondViewController.m */ = {isa = PBXFileReference; lastKnownFileType = sourcecode.c.objc; path = SecondViewController.m; sourceTree = "<group>"; };
		BC6B4DCB15BE140500D61A97 /* second.png */ = {isa = PBXFileReference; lastKnownFileType = image.png; path = second.png; sourceTree = "<group>"; };
		BC6B4DCD15BE140500D61A97 /* second@2x.png */ = {isa = PBXFileReference; lastKnownFileType = image.png; path = "second@2x.png"; sourceTree = "<group>"; };
		BC6B4DD415BE274500D61A97 /* AVFoundation.framework */ = {isa = PBXFileReference; lastKnownFileType = wrapper.framework; name = AVFoundation.framework; path = System/Library/Frameworks/AVFoundation.framework; sourceTree = SDKROOT; };
/* End PBXFileReference section */

/* Begin PBXFrameworksBuildPhase section */
		BC6B4DA515BE140400D61A97 /* Frameworks */ = {
			isa = PBXFrameworksBuildPhase;
			buildActionMask = 2147483647;
			files = (
				BC6B4DD515BE274500D61A97 /* AVFoundation.framework in Frameworks */,
				BC6B4DAD15BE140400D61A97 /* UIKit.framework in Frameworks */,
				BC6B4DAF15BE140400D61A97 /* Foundation.framework in Frameworks */,
				BC6B4DB115BE140400D61A97 /* CoreGraphics.framework in Frameworks */,
			);
			runOnlyForDeploymentPostprocessing = 0;
		};
/* End PBXFrameworksBuildPhase section */

/* Begin PBXGroup section */
		BC6B4D9D15BE140400D61A97 = {
			isa = PBXGroup;
			children = (
				BC6B4DB215BE140400D61A97 /* MorseCode */,
				BC6B4DAB15BE140400D61A97 /* Frameworks */,
				BC6B4DA915BE140400D61A97 /* Products */,
			);
			sourceTree = "<group>";
		};
		BC6B4DA915BE140400D61A97 /* Products */ = {
			isa = PBXGroup;
			children = (
				BC6B4DA815BE140400D61A97 /* MorseCode.app */,
			);
			name = Products;
			sourceTree = "<group>";
		};
		BC6B4DAB15BE140400D61A97 /* Frameworks */ = {
			isa = PBXGroup;
			children = (
				BC6B4DD415BE274500D61A97 /* AVFoundation.framework */,
				BC6B4DAC15BE140400D61A97 /* UIKit.framework */,
				BC6B4DAE15BE140400D61A97 /* Foundation.framework */,
				BC6B4DB015BE140400D61A97 /* CoreGraphics.framework */,
			);
			name = Frameworks;
			sourceTree = "<group>";
		};
		BC6B4DB215BE140400D61A97 /* MorseCode */ = {
			isa = PBXGroup;
			children = (
				BC6B4DBB15BE140400D61A97 /* AppDelegate.h */,
				BC6B4DBC15BE140400D61A97 /* AppDelegate.m */,
				BC6B4DBE15BE140400D61A97 /* MainStoryboard.storyboard */,
				BC6B4DC115BE140500D61A97 /* FirstViewController.h */,
				BC6B4DC215BE140500D61A97 /* FirstViewController.m */,
				BC6B4DC415BE140500D61A97 /* first.png */,
				BC6B4DC615BE140500D61A97 /* first@2x.png */,
				BC6B4DC815BE140500D61A97 /* SecondViewController.h */,
				BC6B4DC915BE140500D61A97 /* SecondViewController.m */,
				BC6B4DCB15BE140500D61A97 /* second.png */,
				BC6B4DCD15BE140500D61A97 /* second@2x.png */,
				BC6B4DB315BE140400D61A97 /* Supporting Files */,
			);
			path = MorseCode;
			sourceTree = "<group>";
		};
		BC6B4DB315BE140400D61A97 /* Supporting Files */ = {
			isa = PBXGroup;
			children = (
				BC6B4DB415BE140400D61A97 /* MorseCode-Info.plist */,
				BC6B4DB515BE140400D61A97 /* InfoPlist.strings */,
				BC6B4DB815BE140400D61A97 /* main.m */,
				BC6B4DBA15BE140400D61A97 /* MorseCode-Prefix.pch */,
				BC3297A215C490C50005C955 /* morseCodes.plist */,
			);
			name = "Supporting Files";
			sourceTree = "<group>";
		};
/* End PBXGroup section */

/* Begin PBXNativeTarget section */
		BC6B4DA715BE140400D61A97 /* MorseCode */ = {
			isa = PBXNativeTarget;
			buildConfigurationList = BC6B4DD115BE140500D61A97 /* Build configuration list for PBXNativeTarget "MorseCode" */;
			buildPhases = (
				BC6B4DA415BE140400D61A97 /* Sources */,
				BC6B4DA515BE140400D61A97 /* Frameworks */,
				BC6B4DA615BE140400D61A97 /* Resources */,
			);
			buildRules = (
			);
			dependencies = (
			);
			name = MorseCode;
			productName = MorseCode;
			productReference = BC6B4DA815BE140400D61A97 /* MorseCode.app */;
			productType = "com.apple.product-type.application";
		};
/* End PBXNativeTarget section */

/* Begin PBXProject section */
		BC6B4D9F15BE140400D61A97 /* Project object */ = {
			isa = PBXProject;
			attributes = {
				LastUpgradeCheck = 0430;
			};
			buildConfigurationList = BC6B4DA215BE140400D61A97 /* Build configuration list for PBXProject "MorseCode" */;
			compatibilityVersion = "Xcode 3.2";
			developmentRegion = English;
			hasScannedForEncodings = 0;
			knownRegions = (
				en,
			);
			mainGroup = BC6B4D9D15BE140400D61A97;
			productRefGroup = BC6B4DA915BE140400D61A97 /* Products */;
			projectDirPath = "";
			projectRoot = "";
			targets = (
				BC6B4DA715BE140400D61A97 /* MorseCode */,
			);
		};
/* End PBXProject section */

/* Begin PBXResourcesBuildPhase section */
		BC6B4DA615BE140400D61A97 /* Resources */ = {
			isa = PBXResourcesBuildPhase;
			buildActionMask = 2147483647;
			files = (
				BC6B4DB715BE140400D61A97 /* InfoPlist.strings in Resources */,
				BC6B4DC015BE140400D61A97 /* MainStoryboard.storyboard in Resources */,
				BC6B4DC515BE140500D61A97 /* first.png in Resources */,
				BC6B4DC715BE140500D61A97 /* first@2x.png in Resources */,
				BC6B4DCC15BE140500D61A97 /* second.png in Resources */,
				BC6B4DCE15BE140500D61A97 /* second@2x.png in Resources */,
				BC3297A315C490C50005C955 /* morseCodes.plist in Resources */,
			);
			runOnlyForDeploymentPostprocessing = 0;
		};
/* End PBXResourcesBuildPhase section */

/* Begin PBXSourcesBuildPhase section */
		BC6B4DA415BE140400D61A97 /* Sources */ = {
			isa = PBXSourcesBuildPhase;
			buildActionMask = 2147483647;
			files = (
				BC6B4DB915BE140400D61A97 /* main.m in Sources */,
				BC6B4DBD15BE140400D61A97 /* AppDelegate.m in Sources */,
				BC6B4DC315BE140500D61A97 /* FirstViewController.m in Sources */,
				BC6B4DCA15BE140500D61A97 /* SecondViewController.m in Sources */,
			);
			runOnlyForDeploymentPostprocessing = 0;
		};
/* End PBXSourcesBuildPhase section */

/* Begin PBXVariantGroup section */
		BC6B4DB515BE140400D61A97 /* InfoPlist.strings */ = {
			isa = PBXVariantGroup;
			children = (
				BC6B4DB615BE140400D61A97 /* en */,
			);
			name = InfoPlist.strings;
			sourceTree = "<group>";
		};
		BC6B4DBE15BE140400D61A97 /* MainStoryboard.storyboard */ = {
			isa = PBXVariantGroup;
			children = (
				BC6B4DBF15BE140400D61A97 /* en */,
			);
			name = MainStoryboard.storyboard;
			sourceTree = "<group>";
		};
/* End PBXVariantGroup section */

/* Begin XCBuildConfiguration section */
		BC6B4DCF15BE140500D61A97 /* Debug */ = {
			isa = XCBuildConfiguration;
			buildSettings = {
				ALWAYS_SEARCH_USER_PATHS = NO;
				ARCHS = "$(ARCHS_STANDARD_32_BIT)";
				CLANG_ENABLE_OBJC_ARC = YES;
				"CODE_SIGN_IDENTITY[sdk=iphoneos*]" = "iPhone Developer";
				COPY_PHASE_STRIP = NO;
				GCC_C_LANGUAGE_STANDARD = gnu99;
				GCC_DYNAMIC_NO_PIC = NO;
				GCC_OPTIMIZATION_LEVEL = 0;
				GCC_PREPROCESSOR_DEFINITIONS = (
					"DEBUG=1",
					"$(inherited)",
				);
				GCC_SYMBOLS_PRIVATE_EXTERN = NO;
				GCC_VERSION = com.apple.compilers.llvm.clang.1_0;
				GCC_WARN_ABOUT_RETURN_TYPE = YES;
				GCC_WARN_UNINITIALIZED_AUTOS = YES;
				GCC_WARN_UNUSED_VARIABLE = YES;
				IPHONEOS_DEPLOYMENT_TARGET = 5.1;
				SDKROOT = iphoneos;
			};
			name = Debug;
		};
		BC6B4DD015BE140500D61A97 /* Release */ = {
			isa = XCBuildConfiguration;
			buildSettings = {
				ALWAYS_SEARCH_USER_PATHS = NO;
				ARCHS = "$(ARCHS_STANDARD_32_BIT)";
				CLANG_ENABLE_OBJC_ARC = YES;
				"CODE_SIGN_IDENTITY[sdk=iphoneos*]" = "iPhone Developer";
				COPY_PHASE_STRIP = YES;
				GCC_C_LANGUAGE_STANDARD = gnu99;
				GCC_VERSION = com.apple.compilers.llvm.clang.1_0;
				GCC_WARN_ABOUT_RETURN_TYPE = YES;
				GCC_WARN_UNINITIALIZED_AUTOS = YES;
				GCC_WARN_UNUSED_VARIABLE = YES;
				IPHONEOS_DEPLOYMENT_TARGET = 5.1;
				OTHER_CFLAGS = "-DNS_BLOCK_ASSERTIONS=1";
				SDKROOT = iphoneos;
				VALIDATE_PRODUCT = YES;
			};
			name = Release;
		};
		BC6B4DD215BE140500D61A97 /* Debug */ = {
			isa = XCBuildConfiguration;
			buildSettings = {
				GCC_PRECOMPILE_PREFIX_HEADER = YES;
				GCC_PREFIX_HEADER = "MorseCode/MorseCode-Prefix.pch";
				INFOPLIST_FILE = "MorseCode/MorseCode-Info.plist";
				PRODUCT_NAME = "$(TARGET_NAME)";
				WRAPPER_EXTENSION = app;
			};
			name = Debug;
		};
		BC6B4DD315BE140500D61A97 /* Release */ = {
			isa = XCBuildConfiguration;
			buildSettings = {
				GCC_PRECOMPILE_PREFIX_HEADER = YES;
				GCC_PREFIX_HEADER = "MorseCode/MorseCode-Prefix.pch";
				INFOPLIST_FILE = "MorseCode/MorseCode-Info.plist";
				PRODUCT_NAME = "$(TARGET_NAME)";
				WRAPPER_EXTENSION = app;
			};
			name = Release;
		};
/* End XCBuildConfiguration section */

/* Begin XCConfigurationList section */
		BC6B4DA215BE140400D61A97 /* Build configuration list for PBXProject "MorseCode" */ = {
			isa = XCConfigurationList;
			buildConfigurations = (
				BC6B4DCF15BE140500D61A97 /* Debug */,
				BC6B4DD015BE140500D61A97 /* Release */,
			);
			defaultConfigurationIsVisible = 0;
			defaultConfigurationName = Release;
		};
		BC6B4DD115BE140500D61A97 /* Build configuration list for PBXNativeTarget "MorseCode" */ = {
			isa = XCConfigurationList;
			buildConfigurations = (
				BC6B4DD215BE140500D61A97 /* Debug */,
				BC6B4DD315BE140500D61A97 /* Release */,
			);
			defaultConfigurationIsVisible = 0;
			defaultConfigurationName = Release;
		};
/* End XCConfigurationList section */
	};
	rootObject = BC6B4D9F15BE140400D61A97 /* Project object */;
}
